
Microsoft Visual Studio Solution File, Format Version 12.00
# Visual Studio Version 17
VisualStudioVersion = 17.8.34330.188
MinimumVisualStudioVersion = 10.0.40219.1
Project("{FAE04EC0-301F-11D3-BF4B-00C04F79EFBC}") = "ExampleApp", "ExampleApp\ExampleApp.csproj", "{1B7F001F-2DE5-4E18-9559-A22DA12E2883}"
EndProject
Global
	GlobalSection(SolutionConfigurationPlatforms) = preSolution
		Debug|Any CPU = Debug|Any CPU
		Release|Any CPU = Release|Any CPU
	EndGlobalSection
	GlobalSection(ProjectConfigurationPlatforms) = postSolution
		{1B7F001F-2DE5-4E18-9559-A22DA12E2883}.Debug|Any CPU.ActiveCfg = Debug|Any CPU
		{1B7F001F-2DE5-4E18-9559-A22DA12E2883}.Debug|Any CPU.Build.0 = Debug|Any CPU
		{1B7F001F-2DE5-4E18-9559-A22DA12E2883}.Debug|Any CPU.Deploy.0 = Debug|Any CPU
		{1B7F001F-2DE5-4E18-9559-A22DA12E2883}.Release|Any CPU.ActiveCfg = Release|Any CPU
		{1B7F001F-2DE5-4E18-9559-A22DA12E2883}.Release|Any CPU.Build.0 = Release|Any CPU
		{1B7F001F-2DE5-4E18-9559-A22DA12E2883}.Release|Any CPU.Deploy.0 = Release|Any CPU
	EndGlobalSection
	GlobalSection(SolutionProperties) = preSolution
		HideSolutionNode = FALSE
	EndGlobalSection
	GlobalSection(ExtensibilityGlobals) = postSolution
		SolutionGuid = {54C4BB21-0372-4B9A-A489-D683AD4D984F}
	EndGlobalSection
EndGlobal
